
Microsoft Visual Studio Solution File, Format Version 12.00
# Visual Studio Version 17
VisualStudioVersion = 17.9.34723.18
MinimumVisualStudioVersion = 10.0.40219.1
Project("{FAE04EC0-301F-11D3-BF4B-00C04F79EFBC}") = "CompressionPOC", "CompressionPOC.csproj", "{5172AF8D-9EDA-4AE6-925F-A50E431AA95F}"
EndProject
Global
	GlobalSection(SolutionConfigurationPlatforms) = preSolution
		Debug|Any CPU = Debug|Any CPU
		Release|Any CPU = Release|Any CPU
	EndGlobalSection
	GlobalSection(ProjectConfigurationPlatforms) = postSolution
		{5172AF8D-9EDA-4AE6-925F-A50E431AA95F}.Debug|Any CPU.ActiveCfg = Debug|Any CPU
		{5172AF8D-9EDA-4AE6-925F-A50E431AA95F}.Debug|Any CPU.Build.0 = Debug|Any CPU
		{5172AF8D-9EDA-4AE6-925F-A50E431AA95F}.Release|Any CPU.ActiveCfg = Release|Any CPU
		{5172AF8D-9EDA-4AE6-925F-A50E431AA95F}.Release|Any CPU.Build.0 = Release|Any CPU
	EndGlobalSection
	GlobalSection(SolutionProperties) = preSolution
		HideSolutionNode = FALSE
	EndGlobalSection
	GlobalSection(ExtensibilityGlobals) = postSolution
		SolutionGuid = {A05A0743-D213-451B-A120-1F71AF45D5BA}
	EndGlobalSection
EndGlobal
